
Microsoft Visual Studio Solution File, Format Version 12.00
# Visual Studio 15
VisualStudioVersion = 15.0.27004.2002
MinimumVisualStudioVersion = 10.0.40219.1
Project("{FAE04EC0-301F-11D3-BF4B-00C04F79EFBC}") = "CPSC_5051_U-High", "CPSC_5051_U-High\CPSC_5051_U-High.csproj", "{21BAF809-A3A2-470B-BC1A-5DB050AD865B}"
EndProject
Global
	GlobalSection(SolutionConfigurationPlatforms) = preSolution
		Debug|ARM = Debug|ARM
		Debug|x64 = Debug|x64
		Debug|x86 = Debug|x86
		Release|ARM = Release|ARM
		Release|x64 = Release|x64
		Release|x86 = Release|x86
	EndGlobalSection
	GlobalSection(ProjectConfigurationPlatforms) = postSolution
		{21BAF809-A3A2-470B-BC1A-5DB050AD865B}.Debug|ARM.ActiveCfg = Debug|ARM
		{21BAF809-A3A2-470B-BC1A-5DB050AD865B}.Debug|ARM.Build.0 = Debug|ARM
		{21BAF809-A3A2-470B-BC1A-5DB050AD865B}.Debug|ARM.Deploy.0 = Debug|ARM
		{21BAF809-A3A2-470B-BC1A-5DB050AD865B}.Debug|x64.ActiveCfg = Debug|x64
		{21BAF809-A3A2-470B-BC1A-5DB050AD865B}.Debug|x64.Build.0 = Debug|x64
		{21BAF809-A3A2-470B-BC1A-5DB050AD865B}.Debug|x64.Deploy.0 = Debug|x64
		{21BAF809-A3A2-470B-BC1A-5DB050AD865B}.Debug|x86.ActiveCfg = Debug|x86
		{21BAF809-A3A2-470B-BC1A-5DB050AD865B}.Debug|x86.Build.0 = Debug|x86
		{21BAF809-A3A2-470B-BC1A-5DB050AD865B}.Debug|x86.Deploy.0 = Debug|x86
		{21BAF809-A3A2-470B-BC1A-5DB050AD865B}.Release|ARM.ActiveCfg = Release|ARM
		{21BAF809-A3A2-470B-BC1A-5DB050AD865B}.Release|ARM.Build.0 = Release|ARM
		{21BAF809-A3A2-470B-BC1A-5DB050AD865B}.Release|ARM.Deploy.0 = Release|ARM
		{21BAF809-A3A2-470B-BC1A-5DB050AD865B}.Release|x64.ActiveCfg = Release|x64
		{21BAF809-A3A2-470B-BC1A-5DB050AD865B}.Release|x64.Build.0 = Release|x64
		{21BAF809-A3A2-470B-BC1A-5DB050AD865B}.Release|x64.Deploy.0 = Release|x64
		{21BAF809-A3A2-470B-BC1A-5DB050AD865B}.Release|x86.ActiveCfg = Release|x86
		{21BAF809-A3A2-470B-BC1A-5DB050AD865B}.Release|x86.Build.0 = Release|x86
		{21BAF809-A3A2-470B-BC1A-5DB050AD865B}.Release|x86.Deploy.0 = Release|x86
	EndGlobalSection
	GlobalSection(SolutionProperties) = preSolution
		HideSolutionNode = FALSE
	EndGlobalSection
	GlobalSection(ExtensibilityGlobals) = postSolution
		SolutionGuid = {013B37FB-F4D9-47F4-8792-99A12774C968}
	EndGlobalSection
EndGlobal
